
Microsoft Visual Studio Solution File, Format Version 12.00
# Visual Studio Version 17
VisualStudioVersion = 17.5.002.0
MinimumVisualStudioVersion = 10.0.40219.1
Project("{2150E333-8FDC-42A3-9474-1A3956D46DE8}") = "csharp-prep", "csharp-prep", "{B98F6FE2-AE9E-49DC-9E0D-0C6263E6EDEF}"
EndProject
Project("{9A19103F-16F7-4668-BE54-9A1E7A4F7556}") = "Prep1", "csharp-prep\Prep1\Prep1.csproj", "{6E26B4C2-754B-413E-9DB9-A6DC816E1A79}"
EndProject
Project("{9A19103F-16F7-4668-BE54-9A1E7A4F7556}") = "Prep2", "csharp-prep\Prep2\Prep2.csproj", "{C9BD3B73-D9A6-45C3-BEEA-4CAF4EDE6929}"
EndProject
Project("{9A19103F-16F7-4668-BE54-9A1E7A4F7556}") = "Prep3", "csharp-prep\Prep3\Prep3.csproj", "{21C0F0B3-5F8A-4407-8DF6-0D77FD888F63}"
EndProject
Project("{9A19103F-16F7-4668-BE54-9A1E7A4F7556}") = "Prep4", "csharp-prep\Prep4\Prep4.csproj", "{F637B6B3-4DBA-4CBF-B905-92C63D615B82}"
EndProject
Project("{9A19103F-16F7-4668-BE54-9A1E7A4F7556}") = "Prep5", "csharp-prep\Prep5\Prep5.csproj", "{8AB3B343-F7EA-46BE-8A82-A88DAC276AB4}"
EndProject
Project("{2150E333-8FDC-42A3-9474-1A3956D46DE8}") = "final", "final", "{D51464F7-1C71-4B0A-A80D-ED0F5EE06EC4}"
EndProject
Project("{9A19103F-16F7-4668-BE54-9A1E7A4F7556}") = "FinalProject", "final\FinalProject\FinalProject.csproj", "{D34A7768-987B-40E9-9ED3-68C439C79528}"
EndProject
Project("{9A19103F-16F7-4668-BE54-9A1E7A4F7556}") = "Foundation1", "final\Foundation1\Foundation1.csproj", "{18CFC9D9-A500-4F44-8BB7-2DED6AC2592A}"
EndProject
Project("{9A19103F-16F7-4668-BE54-9A1E7A4F7556}") = "Foundation2", "final\Foundation2\Foundation2.csproj", "{80113917-DA71-495A-8235-FCFAFFA90717}"
EndProject
Project("{9A19103F-16F7-4668-BE54-9A1E7A4F7556}") = "Foundation3", "final\Foundation3\Foundation3.csproj", "{BC4C1746-3F0F-4787-8E66-4DFC0D594F07}"
EndProject
Project("{9A19103F-16F7-4668-BE54-9A1E7A4F7556}") = "Foundation4", "final\Foundation4\Foundation4.csproj", "{FC217AE2-F93E-4134-B3BF-DA41BCC6876D}"
EndProject
Project("{2150E333-8FDC-42A3-9474-1A3956D46DE8}") = "prepare", "prepare", "{B5C39B60-ADBB-48ED-BB90-ED9695E45203}"
EndProject
Project("{9A19103F-16F7-4668-BE54-9A1E7A4F7556}") = "Learning02", "prepare\Learning02\Learning02.csproj", "{7E187EE7-CF00-4794-9D84-2A38D2449E7F}"
EndProject
Project("{9A19103F-16F7-4668-BE54-9A1E7A4F7556}") = "Learning03", "prepare\Learning03\Learning03.csproj", "{17B2217C-48B0-4BC6-B342-C077E6D8F4FD}"
EndProject
Project("{9A19103F-16F7-4668-BE54-9A1E7A4F7556}") = "Learning04", "prepare\Learning04\Learning04.csproj", "{7007F41B-25A6-4591-B346-04564BDF7FA8}"
EndProject
Project("{9A19103F-16F7-4668-BE54-9A1E7A4F7556}") = "Learning05", "prepare\Learning05\Learning05.csproj", "{0705D87C-4D38-4DCE-8BF6-15A99C038D8F}"
EndProject
Project("{2150E333-8FDC-42A3-9474-1A3956D46DE8}") = "prove", "prove", "{25019AEA-481B-484F-B69F-CF09A5CEDFC6}"
EndProject
Project("{9A19103F-16F7-4668-BE54-9A1E7A4F7556}") = "Develop02", "prove\Develop02\Develop02.csproj", "{E9A7E6A6-6A11-46A4-894D-5DF5A322A063}"
EndProject
Project("{9A19103F-16F7-4668-BE54-9A1E7A4F7556}") = "Develop03", "prove\Develop03\Develop03.csproj", "{06F8AA9C-C299-48FB-A96E-34FA8D954810}"
EndProject
Project("{9A19103F-16F7-4668-BE54-9A1E7A4F7556}") = "Develop04", "prove\Develop04\Develop04.csproj", "{932F696C-E835-4C7A-A2D0-DDF76A0F2A32}"
EndProject
Project("{9A19103F-16F7-4668-BE54-9A1E7A4F7556}") = "Develop05", "prove\Develop05\Develop05.csproj", "{3DD806A7-6E56-44D2-ABC8-D235FC2E1C21}"
EndProject
Project("{2150E333-8FDC-42A3-9474-1A3956D46DE8}") = "sandbox", "sandbox", "{977C8114-4B78-4F02-BDA1-C8BF9B0634F8}"
EndProject
Project("{9A19103F-16F7-4668-BE54-9A1E7A4F7556}") = "Sandbox", "sandbox\Sandbox\Sandbox.csproj", "{46B865D8-2640-4F03-8D79-D6B57EDD9CDC}"
EndProject
Global
	GlobalSection(SolutionConfigurationPlatforms) = preSolution
		Debug|Any CPU = Debug|Any CPU
		Release|Any CPU = Release|Any CPU
	EndGlobalSection
	GlobalSection(ProjectConfigurationPlatforms) = postSolution
		{6E26B4C2-754B-413E-9DB9-A6DC816E1A79}.Debug|Any CPU.ActiveCfg = Debug|Any CPU
		{6E26B4C2-754B-413E-9DB9-A6DC816E1A79}.Debug|Any CPU.Build.0 = Debug|Any CPU
		{6E26B4C2-754B-413E-9DB9-A6DC816E1A79}.Release|Any CPU.ActiveCfg = Release|Any CPU
		{6E26B4C2-754B-413E-9DB9-A6DC816E1A79}.Release|Any CPU.Build.0 = Release|Any CPU
		{C9BD3B73-D9A6-45C3-BEEA-4CAF4EDE6929}.Debug|Any CPU.ActiveCfg = Debug|Any CPU
		{C9BD3B73-D9A6-45C3-BEEA-4CAF4EDE6929}.Debug|Any CPU.Build.0 = Debug|Any CPU
		{C9BD3B73-D9A6-45C3-BEEA-4CAF4EDE6929}.Release|Any CPU.ActiveCfg = Release|Any CPU
		{C9BD3B73-D9A6-45C3-BEEA-4CAF4EDE6929}.Release|Any CPU.Build.0 = Release|Any CPU
		{21C0F0B3-5F8A-4407-8DF6-0D77FD888F63}.Debug|Any CPU.ActiveCfg = Debug|Any CPU
		{21C0F0B3-5F8A-4407-8DF6-0D77FD888F63}.Debug|Any CPU.Build.0 = Debug|Any CPU
		{21C0F0B3-5F8A-4407-8DF6-0D77FD888F63}.Release|Any CPU.ActiveCfg = Release|Any CPU
		{21C0F0B3-5F8A-4407-8DF6-0D77FD888F63}.Release|Any CPU.Build.0 = Release|Any CPU
		{F637B6B3-4DBA-4CBF-B905-92C63D615B82}.Debug|Any CPU.ActiveCfg = Debug|Any CPU
		{F637B6B3-4DBA-4CBF-B905-92C63D615B82}.Debug|Any CPU.Build.0 = Debug|Any CPU
		{F637B6B3-4DBA-4CBF-B905-92C63D615B82}.Release|Any CPU.ActiveCfg = Release|Any CPU
		{F637B6B3-4DBA-4CBF-B905-92C63D615B82}.Release|Any CPU.Build.0 = Release|Any CPU
		{8AB3B343-F7EA-46BE-8A82-A88DAC276AB4}.Debug|Any CPU.ActiveCfg = Debug|Any CPU
		{8AB3B343-F7EA-46BE-8A82-A88DAC276AB4}.Debug|Any CPU.Build.0 = Debug|Any CPU
		{8AB3B343-F7EA-46BE-8A82-A88DAC276AB4}.Release|Any CPU.ActiveCfg = Release|Any CPU
		{8AB3B343-F7EA-46BE-8A82-A88DAC276AB4}.Release|Any CPU.Build.0 = Release|Any CPU
		{D34A7768-987B-40E9-9ED3-68C439C79528}.Debug|Any CPU.ActiveCfg = Debug|Any CPU
		{D34A7768-987B-40E9-9ED3-68C439C79528}.Debug|Any CPU.Build.0 = Debug|Any CPU
		{D34A7768-987B-40E9-9ED3-68C439C79528}.Release|Any CPU.ActiveCfg = Release|Any CPU
		{D34A7768-987B-40E9-9ED3-68C439C79528}.Release|Any CPU.Build.0 = Release|Any CPU
		{18CFC9D9-A500-4F44-8BB7-2DED6AC2592A}.Debug|Any CPU.ActiveCfg = Debug|Any CPU
		{18CFC9D9-A500-4F44-8BB7-2DED6AC2592A}.Debug|Any CPU.Build.0 = Debug|Any CPU
		{18CFC9D9-A500-4F44-8BB7-2DED6AC2592A}.Release|Any CPU.ActiveCfg = Release|Any CPU
		{18CFC9D9-A500-4F44-8BB7-2DED6AC2592A}.Release|Any CPU.Build.0 = Release|Any CPU
		{80113917-DA71-495A-8235-FCFAFFA90717}.Debug|Any CPU.ActiveCfg = Debug|Any CPU
		{80113917-DA71-495A-8235-FCFAFFA90717}.Debug|Any CPU.Build.0 = Debug|Any CPU
		{80113917-DA71-495A-8235-FCFAFFA90717}.Release|Any CPU.ActiveCfg = Release|Any CPU
		{80113917-DA71-495A-8235-FCFAFFA90717}.Release|Any CPU.Build.0 = Release|Any CPU
		{BC4C1746-3F0F-4787-8E66-4DFC0D594F07}.Debug|Any CPU.ActiveCfg = Debug|Any CPU
		{BC4C1746-3F0F-4787-8E66-4DFC0D594F07}.Debug|Any CPU.Build.0 = Debug|Any CPU
		{BC4C1746-3F0F-4787-8E66-4DFC0D594F07}.Release|Any CPU.ActiveCfg = Release|Any CPU
		{BC4C1746-3F0F-4787-8E66-4DFC0D594F07}.Release|Any CPU.Build.0 = Release|Any CPU
		{FC217AE2-F93E-4134-B3BF-DA41BCC6876D}.Debug|Any CPU.ActiveCfg = Debug|Any CPU
		{FC217AE2-F93E-4134-B3BF-DA41BCC6876D}.Debug|Any CPU.Build.0 = Debug|Any CPU
		{FC217AE2-F93E-4134-B3BF-DA41BCC6876D}.Release|Any CPU.ActiveCfg = Release|Any CPU
		{FC217AE2-F93E-4134-B3BF-DA41BCC6876D}.Release|Any CPU.Build.0 = Release|Any CPU
		{7E187EE7-CF00-4794-9D84-2A38D2449E7F}.Debug|Any CPU.ActiveCfg = Debug|Any CPU
		{7E187EE7-CF00-4794-9D84-2A38D2449E7F}.Debug|Any CPU.Build.0 = Debug|Any CPU
		{7E187EE7-CF00-4794-9D84-2A38D2449E7F}.Release|Any CPU.ActiveCfg = Release|Any CPU
		{7E187EE7-CF00-4794-9D84-2A38D2449E7F}.Release|Any CPU.Build.0 = Release|Any CPU
		{17B2217C-48B0-4BC6-B342-C077E6D8F4FD}.Debug|Any CPU.ActiveCfg = Debug|Any CPU
		{17B2217C-48B0-4BC6-B342-C077E6D8F4FD}.Debug|Any CPU.Build.0 = Debug|Any CPU
		{17B2217C-48B0-4BC6-B342-C077E6D8F4FD}.Release|Any CPU.ActiveCfg = Release|Any CPU
		{17B2217C-48B0-4BC6-B342-C077E6D8F4FD}.Release|Any CPU.Build.0 = Release|Any CPU
		{7007F41B-25A6-4591-B346-04564BDF7FA8}.Debug|Any CPU.ActiveCfg = Debug|Any CPU
		{7007F41B-25A6-4591-B346-04564BDF7FA8}.Debug|Any CPU.Build.0 = Debug|Any CPU
		{7007F41B-25A6-4591-B346-04564BDF7FA8}.Release|Any CPU.ActiveCfg = Release|Any CPU
		{7007F41B-25A6-4591-B346-04564BDF7FA8}.Release|Any CPU.Build.0 = Release|Any CPU
		{0705D87C-4D38-4DCE-8BF6-15A99C038D8F}.Debug|Any CPU.ActiveCfg = Debug|Any CPU
		{0705D87C-4D38-4DCE-8BF6-15A99C038D8F}.Debug|Any CPU.Build.0 = Debug|Any CPU
		{0705D87C-4D38-4DCE-8BF6-15A99C038D8F}.Release|Any CPU.ActiveCfg = Release|Any CPU
		{0705D87C-4D38-4DCE-8BF6-15A99C038D8F}.Release|Any CPU.Build.0 = Release|Any CPU
		{E9A7E6A6-6A11-46A4-894D-5DF5A322A063}.Debug|Any CPU.ActiveCfg = Debug|Any CPU
		{E9A7E6A6-6A11-46A4-894D-5DF5A322A063}.Debug|Any CPU.Build.0 = Debug|Any CPU
		{E9A7E6A6-6A11-46A4-894D-5DF5A322A063}.Release|Any CPU.ActiveCfg = Release|Any CPU
		{E9A7E6A6-6A11-46A4-894D-5DF5A322A063}.Release|Any CPU.Build.0 = Release|Any CPU
		{06F8AA9C-C299-48FB-A96E-34FA8D954810}.Debug|Any CPU.ActiveCfg = Debug|Any CPU
		{06F8AA9C-C299-48FB-A96E-34FA8D954810}.Debug|Any CPU.Build.0 = Debug|Any CPU
		{06F8AA9C-C299-48FB-A96E-34FA8D954810}.Release|Any CPU.ActiveCfg = Release|Any CPU
		{06F8AA9C-C299-48FB-A96E-34FA8D954810}.Release|Any CPU.Build.0 = Release|Any CPU
		{932F696C-E835-4C7A-A2D0-DDF76A0F2A32}.Debug|Any CPU.ActiveCfg = Debug|Any CPU
		{932F696C-E835-4C7A-A2D0-DDF76A0F2A32}.Debug|Any CPU.Build.0 = Debug|Any CPU
		{932F696C-E835-4C7A-A2D0-DDF76A0F2A32}.Release|Any CPU.ActiveCfg = Release|Any CPU
		{932F696C-E835-4C7A-A2D0-DDF76A0F2A32}.Release|Any CPU.Build.0 = Release|Any CPU
		{3DD806A7-6E56-44D2-ABC8-D235FC2E1C21}.Debug|Any CPU.ActiveCfg = Debug|Any CPU
		{3DD806A7-6E56-44D2-ABC8-D235FC2E1C21}.Debug|Any CPU.Build.0 = Debug|Any CPU
		{3DD806A7-6E56-44D2-ABC8-D235FC2E1C21}.Release|Any CPU.ActiveCfg = Release|Any CPU
		{3DD806A7-6E56-44D2-ABC8-D235FC2E1C21}.Release|Any CPU.Build.0 = Release|Any CPU
		{46B865D8-2640-4F03-8D79-D6B57EDD9CDC}.Debug|Any CPU.ActiveCfg = Debug|Any CPU
		{46B865D8-2640-4F03-8D79-D6B57EDD9CDC}.Debug|Any CPU.Build.0 = Debug|Any CPU
		{46B865D8-2640-4F03-8D79-D6B57EDD9CDC}.Release|Any CPU.ActiveCfg = Release|Any CPU
		{46B865D8-2640-4F03-8D79-D6B57EDD9CDC}.Release|Any CPU.Build.0 = Release|Any CPU
	EndGlobalSection
	GlobalSection(SolutionProperties) = preSolution
		HideSolutionNode = FALSE
	EndGlobalSection
	GlobalSection(NestedProjects) = preSolution
		{6E26B4C2-754B-413E-9DB9-A6DC816E1A79} = {B98F6FE2-AE9E-49DC-9E0D-0C6263E6EDEF}
		{C9BD3B73-D9A6-45C3-BEEA-4CAF4EDE6929} = {B98F6FE2-AE9E-49DC-9E0D-0C6263E6EDEF}
		{21C0F0B3-5F8A-4407-8DF6-0D77FD888F63} = {B98F6FE2-AE9E-49DC-9E0D-0C6263E6EDEF}
		{F637B6B3-4DBA-4CBF-B905-92C63D615B82} = {B98F6FE2-AE9E-49DC-9E0D-0C6263E6EDEF}
		{8AB3B343-F7EA-46BE-8A82-A88DAC276AB4} = {B98F6FE2-AE9E-49DC-9E0D-0C6263E6EDEF}
		{D34A7768-987B-40E9-9ED3-68C439C79528} = {D51464F7-1C71-4B0A-A80D-ED0F5EE06EC4}
		{18CFC9D9-A500-4F44-8BB7-2DED6AC2592A} = {D51464F7-1C71-4B0A-A80D-ED0F5EE06EC4}
		{80113917-DA71-495A-8235-FCFAFFA90717} = {D51464F7-1C71-4B0A-A80D-ED0F5EE06EC4}
		{BC4C1746-3F0F-4787-8E66-4DFC0D594F07} = {D51464F7-1C71-4B0A-A80D-ED0F5EE06EC4}
		{FC217AE2-F93E-4134-B3BF-DA41BCC6876D} = {D51464F7-1C71-4B0A-A80D-ED0F5EE06EC4}
		{7E187EE7-CF00-4794-9D84-2A38D2449E7F} = {B5C39B60-ADBB-48ED-BB90-ED9695E45203}
		{17B2217C-48B0-4BC6-B342-C077E6D8F4FD} = {B5C39B60-ADBB-48ED-BB90-ED9695E45203}
		{7007F41B-25A6-4591-B346-04564BDF7FA8} = {B5C39B60-ADBB-48ED-BB90-ED9695E45203}
		{0705D87C-4D38-4DCE-8BF6-15A99C038D8F} = {B5C39B60-ADBB-48ED-BB90-ED9695E45203}
		{E9A7E6A6-6A11-46A4-894D-5DF5A322A063} = {25019AEA-481B-484F-B69F-CF09A5CEDFC6}
		{06F8AA9C-C299-48FB-A96E-34FA8D954810} = {25019AEA-481B-484F-B69F-CF09A5CEDFC6}
		{932F696C-E835-4C7A-A2D0-DDF76A0F2A32} = {25019AEA-481B-484F-B69F-CF09A5CEDFC6}
		{3DD806A7-6E56-44D2-ABC8-D235FC2E1C21} = {25019AEA-481B-484F-B69F-CF09A5CEDFC6}
		{46B865D8-2640-4F03-8D79-D6B57EDD9CDC} = {977C8114-4B78-4F02-BDA1-C8BF9B0634F8}
	EndGlobalSection
	GlobalSection(ExtensibilityGlobals) = postSolution
		SolutionGuid = {F29043F4-1B05-4DBB-AF16-408800448170}
	EndGlobalSection
EndGlobal
